
Microsoft Visual Studio Solution File, Format Version 12.00
# Visual Studio Version 16
VisualStudioVersion = 16.0.31515.178
MinimumVisualStudioVersion = 10.0.40219.1
Project("{9A19103F-16F7-4668-BE54-9A1E7A4F7556}") = "ClassLibrary", "ClassLibrary\ClassLibrary.csproj", "{A3394C17-8DEF-47B7-B419-DAF216983449}"
EndProject
Project("{9A19103F-16F7-4668-BE54-9A1E7A4F7556}") = "ViewConsole", "ViewConsole\ViewConsole.csproj", "{86B1B7B6-7489-49A2-908E-619A89F2BCA9}"
	ProjectSection(ProjectDependencies) = postProject
		{A3394C17-8DEF-47B7-B419-DAF216983449} = {A3394C17-8DEF-47B7-B419-DAF216983449}
	EndProjectSection
EndProject
Project("{9A19103F-16F7-4668-BE54-9A1E7A4F7556}") = "BD", "BD\BD.csproj", "{7E04ECC4-F810-45FE-B9DA-B615CA6D7495}"
EndProject
Project("{FAE04EC0-301F-11D3-BF4B-00C04F79EFBC}") = "WF", "WF\WF.csproj", "{FE9F8A23-DE18-4636-B93E-1AF9545C6904}"
	ProjectSection(ProjectDependencies) = postProject
		{7E04ECC4-F810-45FE-B9DA-B615CA6D7495} = {7E04ECC4-F810-45FE-B9DA-B615CA6D7495}
	EndProjectSection
EndProject
Global
	GlobalSection(SolutionConfigurationPlatforms) = preSolution
		Debug|Any CPU = Debug|Any CPU
		Release|Any CPU = Release|Any CPU
	EndGlobalSection
	GlobalSection(ProjectConfigurationPlatforms) = postSolution
		{A3394C17-8DEF-47B7-B419-DAF216983449}.Debug|Any CPU.ActiveCfg = Debug|Any CPU
		{A3394C17-8DEF-47B7-B419-DAF216983449}.Debug|Any CPU.Build.0 = Debug|Any CPU
		{A3394C17-8DEF-47B7-B419-DAF216983449}.Release|Any CPU.ActiveCfg = Release|Any CPU
		{A3394C17-8DEF-47B7-B419-DAF216983449}.Release|Any CPU.Build.0 = Release|Any CPU
		{86B1B7B6-7489-49A2-908E-619A89F2BCA9}.Debug|Any CPU.ActiveCfg = Debug|Any CPU
		{86B1B7B6-7489-49A2-908E-619A89F2BCA9}.Debug|Any CPU.Build.0 = Debug|Any CPU
		{86B1B7B6-7489-49A2-908E-619A89F2BCA9}.Release|Any CPU.ActiveCfg = Release|Any CPU
		{86B1B7B6-7489-49A2-908E-619A89F2BCA9}.Release|Any CPU.Build.0 = Release|Any CPU
		{7E04ECC4-F810-45FE-B9DA-B615CA6D7495}.Debug|Any CPU.ActiveCfg = Debug|Any CPU
		{7E04ECC4-F810-45FE-B9DA-B615CA6D7495}.Debug|Any CPU.Build.0 = Debug|Any CPU
		{7E04ECC4-F810-45FE-B9DA-B615CA6D7495}.Release|Any CPU.ActiveCfg = Release|Any CPU
		{7E04ECC4-F810-45FE-B9DA-B615CA6D7495}.Release|Any CPU.Build.0 = Release|Any CPU
		{FE9F8A23-DE18-4636-B93E-1AF9545C6904}.Debug|Any CPU.ActiveCfg = Debug|Any CPU
		{FE9F8A23-DE18-4636-B93E-1AF9545C6904}.Debug|Any CPU.Build.0 = Debug|Any CPU
		{FE9F8A23-DE18-4636-B93E-1AF9545C6904}.Release|Any CPU.ActiveCfg = Release|Any CPU
		{FE9F8A23-DE18-4636-B93E-1AF9545C6904}.Release|Any CPU.Build.0 = Release|Any CPU
	EndGlobalSection
	GlobalSection(SolutionProperties) = preSolution
		HideSolutionNode = FALSE
	EndGlobalSection
	GlobalSection(ExtensibilityGlobals) = postSolution
		SolutionGuid = {551E7309-2D4A-4B7E-8DB3-CF5FF3675F73}
	EndGlobalSection
EndGlobal
